
Microsoft Visual Studio Solution File, Format Version 12.00
# Visual Studio 2012
Project("{FAE04EC0-301F-11D3-BF4B-00C04F79EFBC}") = "CommandSeatIconFix", "CommandSeatIconFix\CommandSeatIconFix.csproj", "{A90C95C6-F054-4F6B-BDE4-CA76DDAA3CE2}"
EndProject
Global
	GlobalSection(SolutionConfigurationPlatforms) = preSolution
		Debug|Any CPU = Debug|Any CPU
		Release|Any CPU = Release|Any CPU
	EndGlobalSection
	GlobalSection(ProjectConfigurationPlatforms) = postSolution
		{A90C95C6-F054-4F6B-BDE4-CA76DDAA3CE2}.Debug|Any CPU.ActiveCfg = Debug|Any CPU
		{A90C95C6-F054-4F6B-BDE4-CA76DDAA3CE2}.Debug|Any CPU.Build.0 = Debug|Any CPU
		{A90C95C6-F054-4F6B-BDE4-CA76DDAA3CE2}.Release|Any CPU.ActiveCfg = Release|Any CPU
		{A90C95C6-F054-4F6B-BDE4-CA76DDAA3CE2}.Release|Any CPU.Build.0 = Release|Any CPU
	EndGlobalSection
	GlobalSection(MonoDevelopProperties) = preSolution
		Policies = $0
		$0.DotNetNamingPolicy = $1
		$1.DirectoryNamespaceAssociation = None
		$1.ResourceNamePolicy = FileFormatDefault
	EndGlobalSection
EndGlobal
